// !$*UTF8*$!
{
	archiveVersion = 1;
	classes = {
	};
	objectVersion = 50;
	objects = {

/* Begin PBXBuildFile section */
		580A2825225CA5D90015A4F1 /* AppDelegate.swift in Sources */ = {isa = PBXBuildFile; fileRef = 580A2824225CA5D90015A4F1 /* AppDelegate.swift */; };
		580A2827225CA5D90015A4F1 /* ViewController.swift in Sources */ = {isa = PBXBuildFile; fileRef = 580A2826225CA5D90015A4F1 /* ViewController.swift */; };
		580A282A225CA5D90015A4F1 /* Main.storyboard in Resources */ = {isa = PBXBuildFile; fileRef = 580A2828225CA5D90015A4F1 /* Main.storyboard */; };
		580A282C225CA5E10015A4F1 /* Assets.xcassets in Resources */ = {isa = PBXBuildFile; fileRef = 580A282B225CA5E10015A4F1 /* Assets.xcassets */; };
		580A282F225CA5E10015A4F1 /* LaunchScreen.storyboard in Resources */ = {isa = PBXBuildFile; fileRef = 580A282D225CA5E10015A4F1 /* LaunchScreen.storyboard */; };
		586E6DBD225DCB9700AD8E0A /* BindTextViewController.swift in Sources */ = {isa = PBXBuildFile; fileRef = 586E6DBC225DCB9700AD8E0A /* BindTextViewController.swift */; };
		D746649858D1A6356F4D3A1C /* Pods_RXTutorial.framework in Frameworks */ = {isa = PBXBuildFile; fileRef = A7F683307D546B873327CBD8 /* Pods_RXTutorial.framework */; };
/* End PBXBuildFile section */

/* Begin PBXFileReference section */
		1B2E7CF46BC751542933DF4E /* Pods-RXTutorial.debug.xcconfig */ = {isa = PBXFileReference; includeInIndex = 1; lastKnownFileType = text.xcconfig; name = "Pods-RXTutorial.debug.xcconfig"; path = "Target Support Files/Pods-RXTutorial/Pods-RXTutorial.debug.xcconfig"; sourceTree = "<group>"; };
		1F69364E3AB41A7689851CDC /* Pods-RXTutorial.release.xcconfig */ = {isa = PBXFileReference; includeInIndex = 1; lastKnownFileType = text.xcconfig; name = "Pods-RXTutorial.release.xcconfig"; path = "Target Support Files/Pods-RXTutorial/Pods-RXTutorial.release.xcconfig"; sourceTree = "<group>"; };
		580A2821225CA5D90015A4F1 /* RXTutorial.app */ = {isa = PBXFileReference; explicitFileType = wrapper.application; includeInIndex = 0; path = RXTutorial.app; sourceTree = BUILT_PRODUCTS_DIR; };
		580A2824225CA5D90015A4F1 /* AppDelegate.swift */ = {isa = PBXFileReference; lastKnownFileType = sourcecode.swift; path = AppDelegate.swift; sourceTree = "<group>"; };
		580A2826225CA5D90015A4F1 /* ViewController.swift */ = {isa = PBXFileReference; lastKnownFileType = sourcecode.swift; path = ViewController.swift; sourceTree = "<group>"; };
		580A2829225CA5D90015A4F1 /* Base */ = {isa = PBXFileReference; lastKnownFileType = file.storyboard; name = Base; path = Base.lproj/Main.storyboard; sourceTree = "<group>"; };
		580A282B225CA5E10015A4F1 /* Assets.xcassets */ = {isa = PBXFileReference; lastKnownFileType = folder.assetcatalog; path = Assets.xcassets; sourceTree = "<group>"; };
		580A282E225CA5E10015A4F1 /* Base */ = {isa = PBXFileReference; lastKnownFileType = file.storyboard; name = Base; path = Base.lproj/LaunchScreen.storyboard; sourceTree = "<group>"; };
		580A2830225CA5E10015A4F1 /* Info.plist */ = {isa = PBXFileReference; lastKnownFileType = text.plist.xml; path = Info.plist; sourceTree = "<group>"; };
		586E6DBC225DCB9700AD8E0A /* BindTextViewController.swift */ = {isa = PBXFileReference; lastKnownFileType = sourcecode.swift; path = BindTextViewController.swift; sourceTree = "<group>"; };
		A7F683307D546B873327CBD8 /* Pods_RXTutorial.framework */ = {isa = PBXFileReference; explicitFileType = wrapper.framework; includeInIndex = 0; path = Pods_RXTutorial.framework; sourceTree = BUILT_PRODUCTS_DIR; };
/* End PBXFileReference section */

/* Begin PBXFrameworksBuildPhase section */
		580A281E225CA5D90015A4F1 /* Frameworks */ = {
			isa = PBXFrameworksBuildPhase;
			buildActionMask = 2147483647;
			files = (
				D746649858D1A6356F4D3A1C /* Pods_RXTutorial.framework in Frameworks */,
			);
			runOnlyForDeploymentPostprocessing = 0;
		};
/* End PBXFrameworksBuildPhase section */

/* Begin PBXGroup section */
		580A2818225CA5D80015A4F1 = {
			isa = PBXGroup;
			children = (
				580A2823225CA5D90015A4F1 /* RXTutorial */,
				580A2822225CA5D90015A4F1 /* Products */,
				81EFF8D983D6EB8C6F6E5AD4 /* Pods */,
				767407E5BA92118C7CEB8E8B /* Frameworks */,
			);
			sourceTree = "<group>";
		};
		580A2822225CA5D90015A4F1 /* Products */ = {
			isa = PBXGroup;
			children = (
				580A2821225CA5D90015A4F1 /* RXTutorial.app */,
			);
			name = Products;
			sourceTree = "<group>";
		};
		580A2823225CA5D90015A4F1 /* RXTutorial */ = {
			isa = PBXGroup;
			children = (
				580A2824225CA5D90015A4F1 /* AppDelegate.swift */,
				580A2826225CA5D90015A4F1 /* ViewController.swift */,
				580A2828225CA5D90015A4F1 /* Main.storyboard */,
				580A282B225CA5E10015A4F1 /* Assets.xcassets */,
				580A282D225CA5E10015A4F1 /* LaunchScreen.storyboard */,
				580A2830225CA5E10015A4F1 /* Info.plist */,
				586E6DBC225DCB9700AD8E0A /* BindTextViewController.swift */,
			);
			path = RXTutorial;
			sourceTree = "<group>";
		};
		767407E5BA92118C7CEB8E8B /* Frameworks */ = {
			isa = PBXGroup;
			children = (
				A7F683307D546B873327CBD8 /* Pods_RXTutorial.framework */,
			);
			name = Frameworks;
			sourceTree = "<group>";
		};
		81EFF8D983D6EB8C6F6E5AD4 /* Pods */ = {
			isa = PBXGroup;
			children = (
				1B2E7CF46BC751542933DF4E /* Pods-RXTutorial.debug.xcconfig */,
				1F69364E3AB41A7689851CDC /* Pods-RXTutorial.release.xcconfig */,
			);
			path = Pods;
			sourceTree = "<group>";
		};
/* End PBXGroup section */

/* Begin PBXNativeTarget section */
		580A2820225CA5D90015A4F1 /* RXTutorial */ = {
			isa = PBXNativeTarget;
			buildConfigurationList = 580A2833225CA5E10015A4F1 /* Build configuration list for PBXNativeTarget "RXTutorial" */;
			buildPhases = (
				C0C31E3EB79B7D682A392241 /* [CP] Check Pods Manifest.lock */,
				580A281D225CA5D90015A4F1 /* Sources */,
				580A281E225CA5D90015A4F1 /* Frameworks */,
				580A281F225CA5D90015A4F1 /* Resources */,
				385D0EBEC6326245F5151293 /* [CP] Embed Pods Frameworks */,
			);
			buildRules = (
			);
			dependencies = (
			);
			name = RXTutorial;
			productName = RXTutorial;
			productReference = 580A2821225CA5D90015A4F1 /* RXTutorial.app */;
			productType = "com.apple.product-type.application";
		};
/* End PBXNativeTarget section */

/* Begin PBXProject section */
		580A2819225CA5D80015A4F1 /* Project object */ = {
			isa = PBXProject;
			attributes = {
				LastSwiftUpdateCheck = 1010;
				LastUpgradeCheck = 1010;
				ORGANIZATIONNAME = Ice;
				TargetAttributes = {
					580A2820225CA5D90015A4F1 = {
						CreatedOnToolsVersion = 10.1;
					};
				};
			};
			buildConfigurationList = 580A281C225CA5D80015A4F1 /* Build configuration list for PBXProject "RXTutorial" */;
			compatibilityVersion = "Xcode 9.3";
			developmentRegion = en;
			hasScannedForEncodings = 0;
			knownRegions = (
				en,
				Base,
			);
			mainGroup = 580A2818225CA5D80015A4F1;
			productRefGroup = 580A2822225CA5D90015A4F1 /* Products */;
			projectDirPath = "";
			projectRoot = "";
			targets = (
				580A2820225CA5D90015A4F1 /* RXTutorial */,
			);
		};
/* End PBXProject section */

/* Begin PBXResourcesBuildPhase section */
		580A281F225CA5D90015A4F1 /* Resources */ = {
			isa = PBXResourcesBuildPhase;
			buildActionMask = 2147483647;
			files = (
				580A282F225CA5E10015A4F1 /* LaunchScreen.storyboard in Resources */,
				580A282C225CA5E10015A4F1 /* Assets.xcassets in Resources */,
				580A282A225CA5D90015A4F1 /* Main.storyboard in Resources */,
			);
			runOnlyForDeploymentPostprocessing = 0;
		};
/* End PBXResourcesBuildPhase section */

/* Begin PBXShellScriptBuildPhase section */
		385D0EBEC6326245F5151293 /* [CP] Embed Pods Frameworks */ = {
			isa = PBXShellScriptBuildPhase;
			buildActionMask = 2147483647;
			files = (
			);
			inputFileListPaths = (
			);
			inputPaths = (
				"${PODS_ROOT}/Target Support Files/Pods-RXTutorial/Pods-RXTutorial-frameworks.sh",
				"${BUILT_PRODUCTS_DIR}/RxCocoa/RxCocoa.framework",
				"${BUILT_PRODUCTS_DIR}/RxSwift/RxSwift.framework",
			);
			name = "[CP] Embed Pods Frameworks";
			outputFileListPaths = (
			);
			outputPaths = (
				"${TARGET_BUILD_DIR}/${FRAMEWORKS_FOLDER_PATH}/RxCocoa.framework",
				"${TARGET_BUILD_DIR}/${FRAMEWORKS_FOLDER_PATH}/RxSwift.framework",
			);
			runOnlyForDeploymentPostprocessing = 0;
			shellPath = /bin/sh;
			shellScript = "\"${PODS_ROOT}/Target Support Files/Pods-RXTutorial/Pods-RXTutorial-frameworks.sh\"\n";
			showEnvVarsInLog = 0;
		};
		C0C31E3EB79B7D682A392241 /* [CP] Check Pods Manifest.lock */ = {
			isa = PBXShellScriptBuildPhase;
			buildActionMask = 2147483647;
			files = (
			);
			inputFileListPaths = (
			);
			inputPaths = (
				"${PODS_PODFILE_DIR_PATH}/Podfile.lock",
				"${PODS_ROOT}/Manifest.lock",
			);
			name = "[CP] Check Pods Manifest.lock";
			outputFileListPaths = (
			);
			outputPaths = (
				"$(DERIVED_FILE_DIR)/Pods-RXTutorial-checkManifestLockResult.txt",
			);
			runOnlyForDeploymentPostprocessing = 0;
			shellPath = /bin/sh;
			shellScript = "diff \"${PODS_PODFILE_DIR_PATH}/Podfile.lock\" \"${PODS_ROOT}/Manifest.lock\" > /dev/null\nif [ $? != 0 ] ; then\n    # print error to STDERR\n    echo \"error: The sandbox is not in sync with the Podfile.lock. Run 'pod install' or update your CocoaPods installation.\" >&2\n    exit 1\nfi\n# This output is used by Xcode 'outputs' to avoid re-running this script phase.\necho \"SUCCESS\" > \"${SCRIPT_OUTPUT_FILE_0}\"\n";
			showEnvVarsInLog = 0;
		};
/* End PBXShellScriptBuildPhase section */

/* Begin PBXSourcesBuildPhase section */
		580A281D225CA5D90015A4F1 /* Sources */ = {
			isa = PBXSourcesBuildPhase;
			buildActionMask = 2147483647;
			files = (
				580A2827225CA5D90015A4F1 /* ViewController.swift in Sources */,
				580A2825225CA5D90015A4F1 /* AppDelegate.swift in Sources */,
				586E6DBD225DCB9700AD8E0A /* BindTextViewController.swift in Sources */,
			);
			runOnlyForDeploymentPostprocessing = 0;
		};
/* End PBXSourcesBuildPhase section */

/* Begin PBXVariantGroup section */
		580A2828225CA5D90015A4F1 /* Main.storyboard */ = {
			isa = PBXVariantGroup;
			children = (
				580A2829225CA5D90015A4F1 /* Base */,
			);
			name = Main.storyboard;
			sourceTree = "<group>";
		};
		580A282D225CA5E10015A4F1 /* LaunchScreen.storyboard */ = {
			isa = PBXVariantGroup;
			children = (
				580A282E225CA5E10015A4F1 /* Base */,
			);
			name = LaunchScreen.storyboard;
			sourceTree = "<group>";
		};
/* End PBXVariantGroup section */

/* Begin XCBuildConfiguration section */
		580A2831225CA5E10015A4F1 /* Debug */ = {
			isa = XCBuildConfiguration;
			buildSettings = {
				ALWAYS_SEARCH_USER_PATHS = NO;
				CLANG_ANALYZER_NONNULL = YES;
				CLANG_ANALYZER_NUMBER_OBJECT_CONVERSION = YES_AGGRESSIVE;
				CLANG_CXX_LANGUAGE_STANDARD = "gnu++14";
				CLANG_CXX_LIBRARY = "libc++";
				CLANG_ENABLE_MODULES = YES;
				CLANG_ENABLE_OBJC_ARC = YES;
				CLANG_ENABLE_OBJC_WEAK = YES;
				CLANG_WARN_BLOCK_CAPTURE_AUTORELEASING = YES;
				CLANG_WARN_BOOL_CONVERSION = YES;
				CLANG_WARN_COMMA = YES;
				CLANG_WARN_CONSTANT_CONVERSION = YES;
				CLANG_WARN_DEPRECATED_OBJC_IMPLEMENTATIONS = YES;
				CLANG_WARN_DIRECT_OBJC_ISA_USAGE = YES_ERROR;
				CLANG_WARN_DOCUMENTATION_COMMENTS = YES;
				CLANG_WARN_EMPTY_BODY = YES;
				CLANG_WARN_ENUM_CONVERSION = YES;
				CLANG_WARN_INFINITE_RECURSION = YES;
				CLANG_WARN_INT_CONVERSION = YES;
				CLANG_WARN_NON_LITERAL_NULL_CONVERSION = YES;
				CLANG_WARN_OBJC_IMPLICIT_RETAIN_SELF = YES;
				CLANG_WARN_OBJC_LITERAL_CONVERSION = YES;
				CLANG_WARN_OBJC_ROOT_CLASS = YES_ERROR;
				CLANG_WARN_RANGE_LOOP_ANALYSIS = YES;
				CLANG_WARN_STRICT_PROTOTYPES = YES;
				CLANG_WARN_SUSPICIOUS_MOVE = YES;
				CLANG_WARN_UNGUARDED_AVAILABILITY = YES_AGGRESSIVE;
				CLANG_WARN_UNREACHABLE_CODE = YES;
				CLANG_WARN__DUPLICATE_METHOD_MATCH = YES;
				CODE_SIGN_IDENTITY = "iPhone Developer";
				COPY_PHASE_STRIP = NO;
				DEBUG_INFORMATION_FORMAT = dwarf;
				ENABLE_STRICT_OBJC_MSGSEND = YES;
				ENABLE_TESTABILITY = YES;
				GCC_C_LANGUAGE_STANDARD = gnu11;
				GCC_DYNAMIC_NO_PIC = NO;
				GCC_NO_COMMON_BLOCKS = YES;
				GCC_OPTIMIZATION_LEVEL = 0;
				GCC_PREPROCESSOR_DEFINITIONS = (
					"DEBUG=1",
					"$(inherited)",
				);
				GCC_WARN_64_TO_32_BIT_CONVERSION = YES;
				GCC_WARN_ABOUT_RETURN_TYPE = YES_ERROR;
				GCC_WARN_UNDECLARED_SELECTOR = YES;
				GCC_WARN_UNINITIALIZED_AUTOS = YES_AGGRESSIVE;
				GCC_WARN_UNUSED_FUNCTION = YES;
				GCC_WARN_UNUSED_VARIABLE = YES;
				IPHONEOS_DEPLOYMENT_TARGET = 12.1;
				MTL_ENABLE_DEBUG_INFO = INCLUDE_SOURCE;
				MTL_FAST_MATH = YES;
				ONLY_ACTIVE_ARCH = YES;
				SDKROOT = iphoneos;
				SWIFT_ACTIVE_COMPILATION_CONDITIONS = DEBUG;
				SWIFT_OPTIMIZATION_LEVEL = "-Onone";
			};
			name = Debug;
		};
		580A2832225CA5E10015A4F1 /* Release */ = {
			isa = XCBuildConfiguration;
			buildSettings = {
				ALWAYS_SEARCH_USER_PATHS = NO;
				CLANG_ANALYZER_NONNULL = YES;
				CLANG_ANALYZER_NUMBER_OBJECT_CONVERSION = YES_AGGRESSIVE;
				CLANG_CXX_LANGUAGE_STANDARD = "gnu++14";
				CLANG_CXX_LIBRARY = "libc++";
				CLANG_ENABLE_MODULES = YES;
				CLANG_ENABLE_OBJC_ARC = YES;
				CLANG_ENABLE_OBJC_WEAK = YES;
				CLANG_WARN_BLOCK_CAPTURE_AUTORELEASING = YES;
				CLANG_WARN_BOOL_CONVERSION = YES;
				CLANG_WARN_COMMA = YES;
				CLANG_WARN_CONSTANT_CONVERSION = YES;
				CLANG_WARN_DEPRECATED_OBJC_IMPLEMENTATIONS = YES;
				CLANG_WARN_DIRECT_OBJC_ISA_USAGE = YES_ERROR;
				CLANG_WARN_DOCUMENTATION_COMMENTS = YES;
				CLANG_WARN_EMPTY_BODY = YES;
				CLANG_WARN_ENUM_CONVERSION = YES;
				CLANG_WARN_INFINITE_RECURSION = YES;
				CLANG_WARN_INT_CONVERSION = YES;
				CLANG_WARN_NON_LITERAL_NULL_CONVERSION = YES;
				CLANG_WARN_OBJC_IMPLICIT_RETAIN_SELF = YES;
				CLANG_WARN_OBJC_LITERAL_CONVERSION = YES;
				CLANG_WARN_OBJC_ROOT_CLASS = YES_ERROR;
				CLANG_WARN_RANGE_LOOP_ANALYSIS = YES;
				CLANG_WARN_STRICT_PROTOTYPES = YES;
				CLANG_WARN_SUSPICIOUS_MOVE = YES;
				CLANG_WARN_UNGUARDED_AVAILABILITY = YES_AGGRESSIVE;
				CLANG_WARN_UNREACHABLE_CODE = YES;
				CLANG_WARN__DUPLICATE_METHOD_MATCH = YES;
				CODE_SIGN_IDENTITY = "iPhone Developer";
				COPY_PHASE_STRIP = NO;
				DEBUG_INFORMATION_FORMAT = "dwarf-with-dsym";
				ENABLE_NS_ASSERTIONS = NO;
				ENABLE_STRICT_OBJC_MSGSEND = YES;
				GCC_C_LANGUAGE_STANDARD = gnu11;
				GCC_NO_COMMON_BLOCKS = YES;
				GCC_WARN_64_TO_32_BIT_CONVERSION = YES;
				GCC_WARN_ABOUT_RETURN_TYPE = YES_ERROR;
				GCC_WARN_UNDECLARED_SELECTOR = YES;
				GCC_WARN_UNINITIALIZED_AUTOS = YES_AGGRESSIVE;
				GCC_WARN_UNUSED_FUNCTION = YES;
				GCC_WARN_UNUSED_VARIABLE = YES;
				IPHONEOS_DEPLOYMENT_TARGET = 12.1;
				MTL_ENABLE_DEBUG_INFO = NO;
				MTL_FAST_MATH = YES;
				SDKROOT = iphoneos;
				SWIFT_COMPILATION_MODE = wholemodule;
				SWIFT_OPTIMIZATION_LEVEL = "-O";
				VALIDATE_PRODUCT = YES;
			};
			name = Release;
		};
		580A2834225CA5E10015A4F1 /* Debug */ = {
			isa = XCBuildConfiguration;
			baseConfigurationReference = 1B2E7CF46BC751542933DF4E /* Pods-RXTutorial.debug.xcconfig */;
			buildSettings = {
				ASSETCATALOG_COMPILER_APPICON_NAME = AppIcon;
				CODE_SIGN_STYLE = Automatic;
				DEVELOPMENT_TEAM = M4SK2524RU;
				INFOPLIST_FILE = RXTutorial/Info.plist;
				LD_RUNPATH_SEARCH_PATHS = (
					"$(inherited)",
					"@executable_path/Frameworks",
				);
				PRODUCT_BUNDLE_IDENTIFIER = com.intapp.RXTutorial;
				PRODUCT_NAME = "$(TARGET_NAME)";
				SWIFT_VERSION = 4.2;
				TARGETED_DEVICE_FAMILY = "1,2";
			};
			name = Debug;
		};
		580A2835225CA5E10015A4F1 /* Release */ = {
			isa = XCBuildConfiguration;
			baseConfigurationReference = 1F69364E3AB41A7689851CDC /* Pods-RXTutorial.release.xcconfig */;
			buildSettings = {
				ASSETCATALOG_COMPILER_APPICON_NAME = AppIcon;
				CODE_SIGN_STYLE = Automatic;
				DEVELOPMENT_TEAM = M4SK2524RU;
				INFOPLIST_FILE = RXTutorial/Info.plist;
				LD_RUNPATH_SEARCH_PATHS = (
					"$(inherited)",
					"@executable_path/Frameworks",
				);
				PRODUCT_BUNDLE_IDENTIFIER = com.intapp.RXTutorial;
				PRODUCT_NAME = "$(TARGET_NAME)";
				SWIFT_VERSION = 4.2;
				TARGETED_DEVICE_FAMILY = "1,2";
			};
			name = Release;
		};
/* End XCBuildConfiguration section */

/* Begin XCConfigurationList section */
		580A281C225CA5D80015A4F1 /* Build configuration list for PBXProject "RXTutorial" */ = {
			isa = XCConfigurationList;
			buildConfigurations = (
				580A2831225CA5E10015A4F1 /* Debug */,
				580A2832225CA5E10015A4F1 /* Release */,
			);
			defaultConfigurationIsVisible = 0;
			defaultConfigurationName = Release;
		};
		580A2833225CA5E10015A4F1 /* Build configuration list for PBXNativeTarget "RXTutorial" */ = {
			isa = XCConfigurationList;
			buildConfigurations = (
				580A2834225CA5E10015A4F1 /* Debug */,
				580A2835225CA5E10015A4F1 /* Release */,
			);
			defaultConfigurationIsVisible = 0;
			defaultConfigurationName = Release;
		};
/* End XCConfigurationList section */
	};
	rootObject = 580A2819225CA5D80015A4F1 /* Project object */;
}
